
Microsoft Visual Studio Solution File, Format Version 12.00
# Visual Studio Version 17
VisualStudioVersion = 17.5.33627.172
MinimumVisualStudioVersion = 10.0.40219.1
Project("{FAE04EC0-301F-11D3-BF4B-00C04F79EFBC}") = "Med.Core.Domain", "Med.Core.Domain\Med.Core.Domain.csproj", "{53E54D72-0310-4BC0-9D5E-97701FA51B74}"
EndProject
Project("{FAE04EC0-301F-11D3-BF4B-00C04F79EFBC}") = "Med.Core.Application", "Med.Core.Application\Med.Core.Application.csproj", "{25CBACB2-F362-43CD-BA43-58B284DC039A}"
EndProject
Project("{FAE04EC0-301F-11D3-BF4B-00C04F79EFBC}") = "Med.Core.Infrastructure", "Med.Core.Infrastructure\Med.Core.Infrastructure.csproj", "{104B328A-0F76-4381-BF40-BAC53E3ADB4F}"
EndProject
Project("{FAE04EC0-301F-11D3-BF4B-00C04F79EFBC}") = "Med.Core.Persistance", "Med.Core.Persistance\Med.Core.Persistance.csproj", "{2EC3795F-0EC0-47AB-BB31-3929B73E3C5E}"
EndProject
Project("{FAE04EC0-301F-11D3-BF4B-00C04F79EFBC}") = "Med.Core.Api", "Med.Core.Api\Med.Core.Api.csproj", "{18A45CF9-341A-4C55-8D5A-1B9469A1A988}"
EndProject
Global
	GlobalSection(SolutionConfigurationPlatforms) = preSolution
		Debug|Any CPU = Debug|Any CPU
		Release|Any CPU = Release|Any CPU
	EndGlobalSection
	GlobalSection(ProjectConfigurationPlatforms) = postSolution
		{53E54D72-0310-4BC0-9D5E-97701FA51B74}.Debug|Any CPU.ActiveCfg = Debug|Any CPU
		{53E54D72-0310-4BC0-9D5E-97701FA51B74}.Debug|Any CPU.Build.0 = Debug|Any CPU
		{53E54D72-0310-4BC0-9D5E-97701FA51B74}.Release|Any CPU.ActiveCfg = Release|Any CPU
		{53E54D72-0310-4BC0-9D5E-97701FA51B74}.Release|Any CPU.Build.0 = Release|Any CPU
		{25CBACB2-F362-43CD-BA43-58B284DC039A}.Debug|Any CPU.ActiveCfg = Debug|Any CPU
		{25CBACB2-F362-43CD-BA43-58B284DC039A}.Debug|Any CPU.Build.0 = Debug|Any CPU
		{25CBACB2-F362-43CD-BA43-58B284DC039A}.Release|Any CPU.ActiveCfg = Release|Any CPU
		{25CBACB2-F362-43CD-BA43-58B284DC039A}.Release|Any CPU.Build.0 = Release|Any CPU
		{104B328A-0F76-4381-BF40-BAC53E3ADB4F}.Debug|Any CPU.ActiveCfg = Debug|Any CPU
		{104B328A-0F76-4381-BF40-BAC53E3ADB4F}.Debug|Any CPU.Build.0 = Debug|Any CPU
		{104B328A-0F76-4381-BF40-BAC53E3ADB4F}.Release|Any CPU.ActiveCfg = Release|Any CPU
		{104B328A-0F76-4381-BF40-BAC53E3ADB4F}.Release|Any CPU.Build.0 = Release|Any CPU
		{2EC3795F-0EC0-47AB-BB31-3929B73E3C5E}.Debug|Any CPU.ActiveCfg = Debug|Any CPU
		{2EC3795F-0EC0-47AB-BB31-3929B73E3C5E}.Debug|Any CPU.Build.0 = Debug|Any CPU
		{2EC3795F-0EC0-47AB-BB31-3929B73E3C5E}.Release|Any CPU.ActiveCfg = Release|Any CPU
		{2EC3795F-0EC0-47AB-BB31-3929B73E3C5E}.Release|Any CPU.Build.0 = Release|Any CPU
		{18A45CF9-341A-4C55-8D5A-1B9469A1A988}.Debug|Any CPU.ActiveCfg = Debug|Any CPU
		{18A45CF9-341A-4C55-8D5A-1B9469A1A988}.Debug|Any CPU.Build.0 = Debug|Any CPU
		{18A45CF9-341A-4C55-8D5A-1B9469A1A988}.Release|Any CPU.ActiveCfg = Release|Any CPU
		{18A45CF9-341A-4C55-8D5A-1B9469A1A988}.Release|Any CPU.Build.0 = Release|Any CPU
	EndGlobalSection
	GlobalSection(SolutionProperties) = preSolution
		HideSolutionNode = FALSE
	EndGlobalSection
	GlobalSection(ExtensibilityGlobals) = postSolution
		SolutionGuid = {D797F73F-B771-4D77-81E7-7D48B7850615}
	EndGlobalSection
EndGlobal
